
Microsoft Visual Studio Solution File, Format Version 12.00
# Visual Studio Version 17
VisualStudioVersion = 17.4.33213.308
MinimumVisualStudioVersion = 10.0.40219.1
Project("{9A19103F-16F7-4668-BE54-9A1E7A4F7556}") = "ISSUE TRACKING", "trackingapp\ISSUE TRACKING.csproj", "{E08F4664-4B4D-4623-82D3-83925445FEF3}"
EndProject
Global
	GlobalSection(SolutionConfigurationPlatforms) = preSolution
		Debug|Any CPU = Debug|Any CPU
		Release|Any CPU = Release|Any CPU
	EndGlobalSection
	GlobalSection(ProjectConfigurationPlatforms) = postSolution
		{E08F4664-4B4D-4623-82D3-83925445FEF3}.Debug|Any CPU.ActiveCfg = Debug|Any CPU
		{E08F4664-4B4D-4623-82D3-83925445FEF3}.Debug|Any CPU.Build.0 = Debug|Any CPU
		{E08F4664-4B4D-4623-82D3-83925445FEF3}.Release|Any CPU.ActiveCfg = Release|Any CPU
		{E08F4664-4B4D-4623-82D3-83925445FEF3}.Release|Any CPU.Build.0 = Release|Any CPU
	EndGlobalSection
	GlobalSection(SolutionProperties) = preSolution
		HideSolutionNode = FALSE
	EndGlobalSection
	GlobalSection(ExtensibilityGlobals) = postSolution
		SolutionGuid = {24BEB9F7-1A93-4BE4-BE45-91F3C69F97F4}
	EndGlobalSection
EndGlobal
